apiVersion: vendir.k14s.io/v1alpha1
directories:
- contents:
  - git:
      commitTitle: 'refactor: remove unused IAM pod annotations and clean up service
        account template'
      sha: bc55b6335dda3b863529b030978c2f016ec7e12d
      tags:
      - v2.7.0-753-gbc55b6335
    path: aws-load-balancer-controller
  path: vendor
- contents:
  - directory: {}
    path: .
  path: helm/aws-load-balancer-controller
kind: LockConfig
