apiVersion: vendir.k14s.io/v1alpha1
directories:
- contents:
  - git:
      commitTitle: Add unhealthyPodEvictionPolicy and define status port in deployment
        (#10)...
      sha: ab0e5f188a18ac48ae1038d9e30b5126ec48b9ea
      tags:
      - v2.7.0-749-gab0e5f188
    path: aws-load-balancer-controller
  path: vendor
- contents:
  - directory: {}
    path: .
  path: helm/aws-load-balancer-controller
kind: LockConfig
