apiVersion: vendir.k14s.io/v1alpha1
directories:
- contents:
  - git:
      commitTitle: add app version back
      sha: 99b37c90d6df0111741a3ebb5a2d325a874888fb
      tags:
      - v2.4.1-333-g99b37c90d
    path: aws-load-balancer-controller
  path: vendor
- contents:
  - directory: {}
    path: .
  path: helm/aws-load-balancer-controller
kind: LockConfig
